
Microsoft Visual Studio Solution File, Format Version 12.00
# Visual Studio Version 16
VisualStudioVersion = 16.0.31112.23
MinimumVisualStudioVersion = 10.0.40219.1
Project("{FAE04EC0-301F-11D3-BF4B-00C04F79EFBC}") = "RenameTools", "RenameTools.csproj", "{F36935F2-4B48-4A1C-B0EB-A50CDFE4D31C}"
EndProject
Global
	GlobalSection(SolutionConfigurationPlatforms) = preSolution
		Debug|Any CPU = Debug|Any CPU
		Release|Any CPU = Release|Any CPU
	EndGlobalSection
	GlobalSection(ProjectConfigurationPlatforms) = postSolution
		{F36935F2-4B48-4A1C-B0EB-A50CDFE4D31C}.Debug|Any CPU.ActiveCfg = Debug|Any CPU
		{F36935F2-4B48-4A1C-B0EB-A50CDFE4D31C}.Debug|Any CPU.Build.0 = Debug|Any CPU
		{F36935F2-4B48-4A1C-B0EB-A50CDFE4D31C}.Release|Any CPU.ActiveCfg = Release|Any CPU
		{F36935F2-4B48-4A1C-B0EB-A50CDFE4D31C}.Release|Any CPU.Build.0 = Release|Any CPU
	EndGlobalSection
	GlobalSection(SolutionProperties) = preSolution
		HideSolutionNode = FALSE
	EndGlobalSection
	GlobalSection(ExtensibilityGlobals) = postSolution
		SolutionGuid = {640EE183-825A-45CD-A15A-FAAE9DD25E41}
	EndGlobalSection
EndGlobal
